
Microsoft Visual Studio Solution File, Format Version 12.00
# Visual Studio Version 17
VisualStudioVersion = 17.5.33627.172
MinimumVisualStudioVersion = 10.0.40219.1
Project("{FAE04EC0-301F-11D3-BF4B-00C04F79EFBC}") = "week3 day3 operater overlaod", "week3 day3 operater overlaod.csproj", "{610F3DCE-C88F-4238-9FA4-FC95A8AD3C2A}"
EndProject
Global
	GlobalSection(SolutionConfigurationPlatforms) = preSolution
		Debug|Any CPU = Debug|Any CPU
		Release|Any CPU = Release|Any CPU
	EndGlobalSection
	GlobalSection(ProjectConfigurationPlatforms) = postSolution
		{610F3DCE-C88F-4238-9FA4-FC95A8AD3C2A}.Debug|Any CPU.ActiveCfg = Debug|Any CPU
		{610F3DCE-C88F-4238-9FA4-FC95A8AD3C2A}.Debug|Any CPU.Build.0 = Debug|Any CPU
		{610F3DCE-C88F-4238-9FA4-FC95A8AD3C2A}.Release|Any CPU.ActiveCfg = Release|Any CPU
		{610F3DCE-C88F-4238-9FA4-FC95A8AD3C2A}.Release|Any CPU.Build.0 = Release|Any CPU
	EndGlobalSection
	GlobalSection(SolutionProperties) = preSolution
		HideSolutionNode = FALSE
	EndGlobalSection
	GlobalSection(ExtensibilityGlobals) = postSolution
		SolutionGuid = {C90F18DE-B5EE-453A-A483-46C2B1ADA515}
	EndGlobalSection
EndGlobal
