
Microsoft Visual Studio Solution File, Format Version 12.00
# Visual Studio Version 17
VisualStudioVersion = 17.5.33627.172
MinimumVisualStudioVersion = 10.0.40219.1
Project("{FAE04EC0-301F-11D3-BF4B-00C04F79EFBC}") = "week3 day4 Gnarc", "week3 day4 Gnarc.csproj", "{C3D1B84B-2C30-4D46-9F33-798AFBAA3A67}"
EndProject
Global
	GlobalSection(SolutionConfigurationPlatforms) = preSolution
		Debug|Any CPU = Debug|Any CPU
		Release|Any CPU = Release|Any CPU
	EndGlobalSection
	GlobalSection(ProjectConfigurationPlatforms) = postSolution
		{C3D1B84B-2C30-4D46-9F33-798AFBAA3A67}.Debug|Any CPU.ActiveCfg = Debug|Any CPU
		{C3D1B84B-2C30-4D46-9F33-798AFBAA3A67}.Debug|Any CPU.Build.0 = Debug|Any CPU
		{C3D1B84B-2C30-4D46-9F33-798AFBAA3A67}.Release|Any CPU.ActiveCfg = Release|Any CPU
		{C3D1B84B-2C30-4D46-9F33-798AFBAA3A67}.Release|Any CPU.Build.0 = Release|Any CPU
	EndGlobalSection
	GlobalSection(SolutionProperties) = preSolution
		HideSolutionNode = FALSE
	EndGlobalSection
	GlobalSection(ExtensibilityGlobals) = postSolution
		SolutionGuid = {E3FFCDD4-AC28-4C83-A5CB-CAEE31397D2F}
	EndGlobalSection
EndGlobal
